
Microsoft Visual Studio Solution File, Format Version 12.00
# Visual Studio Version 17
VisualStudioVersion = 17.5.33424.131
MinimumVisualStudioVersion = 10.0.40219.1
Project("{2150E333-8FDC-42A3-9474-1A3956D46DE8}") = "2 - Domain", "2 - Domain", "{AAFB57F2-FA06-40E8-A86C-10EC19C74FBA}"
EndProject
Project("{2150E333-8FDC-42A3-9474-1A3956D46DE8}") = "1 - Application", "1 - Application", "{522DDE21-4070-4A02-9A08-42C27F4A0C54}"
EndProject
Project("{2150E333-8FDC-42A3-9474-1A3956D46DE8}") = "4 - Data", "4 - Data", "{E8350D53-0915-4153-940C-5C6FD0107D3B}"
EndProject
Project("{9A19103F-16F7-4668-BE54-9A1E7A4F7556}") = "Domain", "Domain\Domain.csproj", "{2478DE5C-F800-445A-B6A6-8EE4D9177D95}"
EndProject
Project("{FAE04EC0-301F-11D3-BF4B-00C04F79EFBC}") = "Data", "Data\Data.csproj", "{0F28FE4F-7E4A-41E9-A336-5F2346376D09}"
EndProject
Project("{2150E333-8FDC-42A3-9474-1A3956D46DE8}") = "3 - Entity", "3 - Entity", "{8B7604B8-F848-4FF6-8870-879D099A8DE6}"
EndProject
Project("{FAE04EC0-301F-11D3-BF4B-00C04F79EFBC}") = "Entity", "Entity\Entity.csproj", "{A47D51D7-0928-4D8B-B107-8F7410D4C2D9}"
EndProject
Project("{2150E333-8FDC-42A3-9474-1A3956D46DE8}") = "5 - Tests", "5 - Tests", "{F9CDE1DD-8E38-4F07-A545-A94AD7D1BF54}"
EndProject
Project("{FAE04EC0-301F-11D3-BF4B-00C04F79EFBC}") = "Tests", "Tests\Tests.csproj", "{D59AAF63-7740-4A9F-9DF0-FC131C471112}"
EndProject
Project("{FAE04EC0-301F-11D3-BF4B-00C04F79EFBC}") = "MyPackage", "MyPackage\MyPackage.csproj", "{608B293C-6E58-42C4-977E-8FC64D6711F0}"
EndProject
Global
	GlobalSection(SolutionConfigurationPlatforms) = preSolution
		Debug|Any CPU = Debug|Any CPU
		Release|Any CPU = Release|Any CPU
	EndGlobalSection
	GlobalSection(ProjectConfigurationPlatforms) = postSolution
		{2478DE5C-F800-445A-B6A6-8EE4D9177D95}.Debug|Any CPU.ActiveCfg = Debug|Any CPU
		{2478DE5C-F800-445A-B6A6-8EE4D9177D95}.Debug|Any CPU.Build.0 = Debug|Any CPU
		{2478DE5C-F800-445A-B6A6-8EE4D9177D95}.Release|Any CPU.ActiveCfg = Release|Any CPU
		{2478DE5C-F800-445A-B6A6-8EE4D9177D95}.Release|Any CPU.Build.0 = Release|Any CPU
		{0F28FE4F-7E4A-41E9-A336-5F2346376D09}.Debug|Any CPU.ActiveCfg = Debug|Any CPU
		{0F28FE4F-7E4A-41E9-A336-5F2346376D09}.Debug|Any CPU.Build.0 = Debug|Any CPU
		{0F28FE4F-7E4A-41E9-A336-5F2346376D09}.Release|Any CPU.ActiveCfg = Release|Any CPU
		{0F28FE4F-7E4A-41E9-A336-5F2346376D09}.Release|Any CPU.Build.0 = Release|Any CPU
		{A47D51D7-0928-4D8B-B107-8F7410D4C2D9}.Debug|Any CPU.ActiveCfg = Debug|Any CPU
		{A47D51D7-0928-4D8B-B107-8F7410D4C2D9}.Debug|Any CPU.Build.0 = Debug|Any CPU
		{A47D51D7-0928-4D8B-B107-8F7410D4C2D9}.Release|Any CPU.ActiveCfg = Release|Any CPU
		{A47D51D7-0928-4D8B-B107-8F7410D4C2D9}.Release|Any CPU.Build.0 = Release|Any CPU
		{D59AAF63-7740-4A9F-9DF0-FC131C471112}.Debug|Any CPU.ActiveCfg = Debug|Any CPU
		{D59AAF63-7740-4A9F-9DF0-FC131C471112}.Debug|Any CPU.Build.0 = Debug|Any CPU
		{D59AAF63-7740-4A9F-9DF0-FC131C471112}.Release|Any CPU.ActiveCfg = Release|Any CPU
		{D59AAF63-7740-4A9F-9DF0-FC131C471112}.Release|Any CPU.Build.0 = Release|Any CPU
		{608B293C-6E58-42C4-977E-8FC64D6711F0}.Debug|Any CPU.ActiveCfg = Debug|Any CPU
		{608B293C-6E58-42C4-977E-8FC64D6711F0}.Debug|Any CPU.Build.0 = Debug|Any CPU
		{608B293C-6E58-42C4-977E-8FC64D6711F0}.Release|Any CPU.ActiveCfg = Release|Any CPU
		{608B293C-6E58-42C4-977E-8FC64D6711F0}.Release|Any CPU.Build.0 = Release|Any CPU
	EndGlobalSection
	GlobalSection(SolutionProperties) = preSolution
		HideSolutionNode = FALSE
	EndGlobalSection
	GlobalSection(NestedProjects) = preSolution
		{2478DE5C-F800-445A-B6A6-8EE4D9177D95} = {AAFB57F2-FA06-40E8-A86C-10EC19C74FBA}
		{0F28FE4F-7E4A-41E9-A336-5F2346376D09} = {E8350D53-0915-4153-940C-5C6FD0107D3B}
		{A47D51D7-0928-4D8B-B107-8F7410D4C2D9} = {8B7604B8-F848-4FF6-8870-879D099A8DE6}
		{D59AAF63-7740-4A9F-9DF0-FC131C471112} = {F9CDE1DD-8E38-4F07-A545-A94AD7D1BF54}
		{608B293C-6E58-42C4-977E-8FC64D6711F0} = {522DDE21-4070-4A02-9A08-42C27F4A0C54}
	EndGlobalSection
	GlobalSection(ExtensibilityGlobals) = postSolution
		SolutionGuid = {C11B15F1-1095-4040-A0FC-35F514629C49}
	EndGlobalSection
EndGlobal
